
Microsoft Visual Studio Solution File, Format Version 12.00
# Visual Studio Version 17
VisualStudioVersion = 17.5.33414.496
MinimumVisualStudioVersion = 10.0.40219.1
Project("{9A19103F-16F7-4668-BE54-9A1E7A4F7556}") = "SmartLock.WebApi", "src\SmartLock.WebApi\SmartLock.WebApi.csproj", "{296C4627-E824-4BC2-A078-41175A416F89}"
EndProject
Project("{9A19103F-16F7-4668-BE54-9A1E7A4F7556}") = "SmartLock.Domain", "src\SmartLock.Domain\SmartLock.Domain.csproj", "{13346361-8D51-4F02-B1B9-94B82FC36E26}"
EndProject
Project("{9A19103F-16F7-4668-BE54-9A1E7A4F7556}") = "SmartLock.Implementation", "src\SmartLock.Implementation\SmartLock.Implementation.csproj", "{3D1F6321-6590-42DA-BED3-846DB393AE8D}"
EndProject
Project("{2150E333-8FDC-42A3-9474-1A3956D46DE8}") = "src", "src", "{C8B3CE6A-EEC1-4FFD-BB90-21B5495F2F4F}"
EndProject
Project("{2150E333-8FDC-42A3-9474-1A3956D46DE8}") = "test", "test", "{C1C302F6-8BAA-43B3-B0F5-F2CBDABF3730}"
EndProject
Project("{FAE04EC0-301F-11D3-BF4B-00C04F79EFBC}") = "SmartLock.Tests", "test\SmartLock.Tests\SmartLock.Tests.csproj", "{04C5E984-E0EC-47FD-98E7-D9EDF09A3114}"
EndProject
Global
	GlobalSection(SolutionConfigurationPlatforms) = preSolution
		Debug|Any CPU = Debug|Any CPU
		Release|Any CPU = Release|Any CPU
	EndGlobalSection
	GlobalSection(ProjectConfigurationPlatforms) = postSolution
		{296C4627-E824-4BC2-A078-41175A416F89}.Debug|Any CPU.ActiveCfg = Debug|Any CPU
		{296C4627-E824-4BC2-A078-41175A416F89}.Debug|Any CPU.Build.0 = Debug|Any CPU
		{296C4627-E824-4BC2-A078-41175A416F89}.Release|Any CPU.ActiveCfg = Release|Any CPU
		{296C4627-E824-4BC2-A078-41175A416F89}.Release|Any CPU.Build.0 = Release|Any CPU
		{13346361-8D51-4F02-B1B9-94B82FC36E26}.Debug|Any CPU.ActiveCfg = Debug|Any CPU
		{13346361-8D51-4F02-B1B9-94B82FC36E26}.Debug|Any CPU.Build.0 = Debug|Any CPU
		{13346361-8D51-4F02-B1B9-94B82FC36E26}.Release|Any CPU.ActiveCfg = Release|Any CPU
		{13346361-8D51-4F02-B1B9-94B82FC36E26}.Release|Any CPU.Build.0 = Release|Any CPU
		{3D1F6321-6590-42DA-BED3-846DB393AE8D}.Debug|Any CPU.ActiveCfg = Debug|Any CPU
		{3D1F6321-6590-42DA-BED3-846DB393AE8D}.Debug|Any CPU.Build.0 = Debug|Any CPU
		{3D1F6321-6590-42DA-BED3-846DB393AE8D}.Release|Any CPU.ActiveCfg = Release|Any CPU
		{3D1F6321-6590-42DA-BED3-846DB393AE8D}.Release|Any CPU.Build.0 = Release|Any CPU
		{04C5E984-E0EC-47FD-98E7-D9EDF09A3114}.Debug|Any CPU.ActiveCfg = Debug|Any CPU
		{04C5E984-E0EC-47FD-98E7-D9EDF09A3114}.Debug|Any CPU.Build.0 = Debug|Any CPU
		{04C5E984-E0EC-47FD-98E7-D9EDF09A3114}.Release|Any CPU.ActiveCfg = Release|Any CPU
		{04C5E984-E0EC-47FD-98E7-D9EDF09A3114}.Release|Any CPU.Build.0 = Release|Any CPU
	EndGlobalSection
	GlobalSection(SolutionProperties) = preSolution
		HideSolutionNode = FALSE
	EndGlobalSection
	GlobalSection(NestedProjects) = preSolution
		{296C4627-E824-4BC2-A078-41175A416F89} = {C8B3CE6A-EEC1-4FFD-BB90-21B5495F2F4F}
		{13346361-8D51-4F02-B1B9-94B82FC36E26} = {C8B3CE6A-EEC1-4FFD-BB90-21B5495F2F4F}
		{3D1F6321-6590-42DA-BED3-846DB393AE8D} = {C8B3CE6A-EEC1-4FFD-BB90-21B5495F2F4F}
		{04C5E984-E0EC-47FD-98E7-D9EDF09A3114} = {C1C302F6-8BAA-43B3-B0F5-F2CBDABF3730}
	EndGlobalSection
	GlobalSection(ExtensibilityGlobals) = postSolution
		SolutionGuid = {2D7078C5-0492-47F1-A855-7C281E743F4F}
	EndGlobalSection
EndGlobal
